
Microsoft Visual Studio Solution File, Format Version 12.00
# Visual Studio Version 17
VisualStudioVersion = 17.9.34622.214
MinimumVisualStudioVersion = 10.0.40219.1
Project("{FAE04EC0-301F-11D3-BF4B-00C04F79EFBC}") = "NimbusMergerLibrary", "NimbusMergerLibrary\NimbusMergerLibrary.csproj", "{850C7EF8-8FD5-4EAA-AA83-86EF2354009D}"
EndProject
Project("{2150E333-8FDC-42A3-9474-1A3956D46DE8}") = "Modules", "Modules", "{8D21285E-E83A-4C9E-A7A8-C48B13DC1796}"
EndProject
Global
	GlobalSection(SolutionConfigurationPlatforms) = preSolution
		Debug|Any CPU = Debug|Any CPU
		Release|Any CPU = Release|Any CPU
	EndGlobalSection
	GlobalSection(ProjectConfigurationPlatforms) = postSolution
		{850C7EF8-8FD5-4EAA-AA83-86EF2354009D}.Debug|Any CPU.ActiveCfg = Debug|Any CPU
		{850C7EF8-8FD5-4EAA-AA83-86EF2354009D}.Debug|Any CPU.Build.0 = Debug|Any CPU
		{850C7EF8-8FD5-4EAA-AA83-86EF2354009D}.Release|Any CPU.ActiveCfg = Release|Any CPU
		{850C7EF8-8FD5-4EAA-AA83-86EF2354009D}.Release|Any CPU.Build.0 = Release|Any CPU
	EndGlobalSection
	GlobalSection(SolutionProperties) = preSolution
		HideSolutionNode = FALSE
	EndGlobalSection
	GlobalSection(ExtensibilityGlobals) = postSolution
		SolutionGuid = {A742E993-13D0-4D8A-9472-EAC30CF88075}
	EndGlobalSection
EndGlobal
